
Microsoft Visual Studio Solution File, Format Version 12.00
# Visual Studio Version 17
VisualStudioVersion = 17.8.34330.188
MinimumVisualStudioVersion = 10.0.40219.1
Project("{FAE04EC0-301F-11D3-BF4B-00C04F79EFBC}") = "TractorStore", "TractorStore\TractorStore.csproj", "{2EC0B0BB-C538-4425-BB46-1C3578366B7B}"
EndProject
Global
	GlobalSection(SolutionConfigurationPlatforms) = preSolution
		Debug|Any CPU = Debug|Any CPU
		Release|Any CPU = Release|Any CPU
	EndGlobalSection
	GlobalSection(ProjectConfigurationPlatforms) = postSolution
		{2EC0B0BB-C538-4425-BB46-1C3578366B7B}.Debug|Any CPU.ActiveCfg = Debug|Any CPU
		{2EC0B0BB-C538-4425-BB46-1C3578366B7B}.Debug|Any CPU.Build.0 = Debug|Any CPU
		{2EC0B0BB-C538-4425-BB46-1C3578366B7B}.Release|Any CPU.ActiveCfg = Release|Any CPU
		{2EC0B0BB-C538-4425-BB46-1C3578366B7B}.Release|Any CPU.Build.0 = Release|Any CPU
	EndGlobalSection
	GlobalSection(SolutionProperties) = preSolution
		HideSolutionNode = FALSE
	EndGlobalSection
	GlobalSection(ExtensibilityGlobals) = postSolution
		SolutionGuid = {63E6DA3D-E2A8-4FD0-B63A-406A69795CD0}
	EndGlobalSection
EndGlobal
